
Microsoft Visual Studio Solution File, Format Version 12.00
# Visual Studio Version 17
VisualStudioVersion = 17.4.33213.308
MinimumVisualStudioVersion = 10.0.40219.1
Project("{FAE04EC0-301F-11D3-BF4B-00C04F79EFBC}") = "Kerberos", "Kerberos.csproj", "{395B0AD1-D72B-42C3-A7FF-30E6C6EA0BD7}"
EndProject
Global
	GlobalSection(SolutionConfigurationPlatforms) = preSolution
		Debug|Any CPU = Debug|Any CPU
		Release|Any CPU = Release|Any CPU
	EndGlobalSection
	GlobalSection(ProjectConfigurationPlatforms) = postSolution
		{395B0AD1-D72B-42C3-A7FF-30E6C6EA0BD7}.Debug|Any CPU.ActiveCfg = Debug|Any CPU
		{395B0AD1-D72B-42C3-A7FF-30E6C6EA0BD7}.Debug|Any CPU.Build.0 = Debug|Any CPU
		{395B0AD1-D72B-42C3-A7FF-30E6C6EA0BD7}.Release|Any CPU.ActiveCfg = Release|Any CPU
		{395B0AD1-D72B-42C3-A7FF-30E6C6EA0BD7}.Release|Any CPU.Build.0 = Release|Any CPU
	EndGlobalSection
	GlobalSection(SolutionProperties) = preSolution
		HideSolutionNode = FALSE
	EndGlobalSection
	GlobalSection(ExtensibilityGlobals) = postSolution
		SolutionGuid = {92B3AB57-5F0B-4A3B-89B3-906EF83CA8B8}
	EndGlobalSection
EndGlobal
